
Microsoft Visual Studio Solution File, Format Version 12.00
# Visual Studio 15
VisualStudioVersion = 15.0.27130.2024
MinimumVisualStudioVersion = 10.0.40219.1
Project("{FAE04EC0-301F-11D3-BF4B-00C04F79EFBC}") = "BinarySeviyeliGörüntüler", "BinarySeviyeliGörüntüler\BinarySeviyeliGörüntüler.csproj", "{9F440A0C-CE84-49EC-A984-5C193891ABC0}"
EndProject
Global
	GlobalSection(SolutionConfigurationPlatforms) = preSolution
		Debug|Any CPU = Debug|Any CPU
		Release|Any CPU = Release|Any CPU
	EndGlobalSection
	GlobalSection(ProjectConfigurationPlatforms) = postSolution
		{9F440A0C-CE84-49EC-A984-5C193891ABC0}.Debug|Any CPU.ActiveCfg = Debug|Any CPU
		{9F440A0C-CE84-49EC-A984-5C193891ABC0}.Debug|Any CPU.Build.0 = Debug|Any CPU
		{9F440A0C-CE84-49EC-A984-5C193891ABC0}.Release|Any CPU.ActiveCfg = Release|Any CPU
		{9F440A0C-CE84-49EC-A984-5C193891ABC0}.Release|Any CPU.Build.0 = Release|Any CPU
	EndGlobalSection
	GlobalSection(SolutionProperties) = preSolution
		HideSolutionNode = FALSE
	EndGlobalSection
	GlobalSection(ExtensibilityGlobals) = postSolution
		SolutionGuid = {3F2282ED-1111-4DC0-A614-BDDF8B0A9268}
	EndGlobalSection
EndGlobal
